github.com/go-encryptions/xts v0.0.0-20260903192301-101a3e472f94 h1:nH2Msy4l+mq7VLuMDhV8iGlFNX0kMiai4BBNJENQ3UQ=
github.com/go-encryptions/xts v0.0.0-20260903192301-101a3e472f94/go.mod h1:IMkRCLbIbPslkb7X7+lkDG2xkugRjBJG5iax1jQc2gc=
github.com/go-fde/apfs v0.0.0-20260904173605-5367402620ca h1:Xt7xMKRnViXxoN+VHcl7v/EWR1RXU30qoN88fssOhHU=
github.com/go-fde/apfs v0.0.0-20260904173605-5367402620ca/go.mod h1:xCPSWhkl9bSUxl9LVGvW0fuQtyHz9blPwiEOzVlLgwM=
github.com/go-fde/clear v0.0.0-20260830121017-65feb652d923 h1:EWfgd1d0Lucwamk9sDe5q89z88ImBNJvtCFxqO4iod0=
github.com/go-fde/clear v0.0.0-20260830121017-65feb652d923/go.mod h1:Io03ZU+0QyLJ3joiQH8H0enxU1DOBoKsptfKGZGlv34=
github.com/go-fde/luks v0.0.0-20260904102035-a75bdafb522b h1:x3l6v6iJAtsB8CrRCEXpprFuRmv2wULFr6z+VaqKoh8=
github.com/go-fde/luks v0.0.0-20260904102035-a75bdafb522b/go.mod h1:UWLWKOUBDUEQlKjBWl6OZM3jeWlgn90s/oWuGVQatW0=
golang.org/x/crypto v0.56.0 h1:GUh5Ii4J5jtcseSMiRqr1jXCNHoxjeV9Fmekc2oLy6Y=
golang.org/x/crypto v0.56.0/go.mod h1:OMW5y6CY9l38uPLmxU6l6pwcXp1obtLo3e6gT7gQR2I=
golang.org/x/sys v0.47.0 h1:o7XGOvZQCADBQQ4Y7VNq2dRWQR7JmOUW8Kxx4ZsNgWs=
golang.org/x/sys v0.47.0/go.mod h1:4GL1E5IUh+htKOUEOaiffhrAeqysfVGipDYzABqnCmw=
