github.com/go-encryptions/xts v0.0.0-20261004234803-c570e92cfa9e h1:oZ3S0qTDPDFJCIrojiDKptVE9arpL1I3OnorqN+MpZQ=
github.com/go-encryptions/xts v0.0.0-20261004234803-c570e92cfa9e/go.mod h1:Ih1Wja84KCfK9hCIWucnjjE3h3kvJ/O3+WDPSiIwCKQ=
github.com/go-fde/apfs v0.0.0-20261010183324-d43dc8c3e443 h1:WAP57UPHZsbReQ9WGNB8IrWBYhlyROQ1owMdg8UweaE=
github.com/go-fde/apfs v0.0.0-20261010183324-d43dc8c3e443/go.mod h1:gTDj9QMZl59DAXrcbX/k8eyQJHyBxNfLkiT1WXb4KoM=
github.com/go-fde/clear v0.0.0-20261004231617-2c4bffc0effb h1:ZHAPb+dm+5d2I47lyVSYyQcS/oHzRSUbcBjXtSU2nOo=
github.com/go-fde/clear v0.0.0-20261004231617-2c4bffc0effb/go.mod h1:jA5QlXxLktc+f9ZhmzKP6kyPIK+v6yKJfpcOxkFdCEM=
github.com/go-fde/luks v0.0.0-20261006193307-e67e40264164 h1:Wo3/aFWMosLSyTCELNMt+MLy3OHSdMkaTYYW+cBhJ0Q=
github.com/go-fde/luks v0.0.0-20261006193307-e67e40264164/go.mod h1:0DUYmD+j20/OPdBRuijAQYUjqY9SF7f87eARCcgpfRQ=
golang.org/x/crypto v0.58.0 h1:COkYLr4k7nDI4r6QtMML2AfzeIswWHAJthLS6K/M/54=
golang.org/x/crypto v0.58.0/go.mod h1:Xh+kl5A+M0gMiWDytH2Hhr5Z7WbNCpv/eB/EFgfSk+w=
golang.org/x/sys v0.49.0 h1:XbzkgYJHdqh/8m2Uu0W/dQv8nktxx4BFHp1M0gROTXA=
golang.org/x/sys v0.49.0/go.mod h1:hNLxWAXmnKAxqDtdwIYC4bM9oQPEecfsnNMuSxOs3og=
